<?xml version="1.0" encoding="utf-8"?>
<Project ToolsVersion="4.0" xmlns="http://schemas.microsoft.com/developer/msbuild/2003">
  <ItemGroup>
    <Filter Include="Source Files">
      <UniqueIdentifier>{4FC737F1-C7A5-4376-A066-2A32D752A2FF}</UniqueIdentifier>
      <Extensions>cpp;c;cc;cxx;c++;cppm;ixx;def;odl;idl;hpj;bat;asm;asmx</Extensions>
    </Filter>
    <Filter Include="Header Files">
      <UniqueIdentifier>{93995380-89BD-4b04-88EB-625FBE52EBFB}</UniqueIdentifier>
      <Extensions>h;hh;hpp;hxx;h++;hm;inl;inc;ipp;xsd</Extensions>
    </Filter>
    <Filter Include="Resource Files">
      <UniqueIdentifier>{67DA6AB6-F800-4c08-8B7A-83BB121AAD01}</UniqueIdentifier>
      <Extensions>rc;ico;cur;bmp;dlg;rc2;rct;bin;rgs;gif;jpg;jpeg;jpe;resx;tiff;tif;png;wav;mfcribbon-ms</Extensions>
    </Filter>
    <Filter Include="Header Files\Engine">
      <UniqueIdentifier>{968cb0d3-0474-48ef-8bcb-fe3fef718afa}</UniqueIdentifier>
    </Filter>
    <Filter Include="Header Files\Engine\InputManager">
      <UniqueIdentifier>{d7d061d3-de5a-47d7-b673-112ab6ca5594}</UniqueIdentifier>
    </Filter>
    <Filter Include="Header Files\Engine\ResourceManager">
      <UniqueIdentifier>{260a5b91-a1a9-4a17-95b0-b99094ae51f4}</UniqueIdentifier>
    </Filter>
    <Filter Include="Source Files\Engine">
      <UniqueIdentifier>{6204d3a8-a44d-4764-b602-57f34123d84a}</UniqueIdentifier>
    </Filter>
    <Filter Include="Header Files\Game">
      <UniqueIdentifier>{5df0f76a-50bb-4128-9243-05d4ed846f14}</UniqueIdentifier>
    </Filter>
    <Filter Include="Header Files\Game\Player">
      <UniqueIdentifier>{3c4bc0fe-7e40-4aad-a973-e648009313b7}</UniqueIdentifier>
    </Filter>
    <Filter Include="Source Files\Game">
      <UniqueIdentifier>{f773221d-2299-4332-a486-8ffcfaf3e6c8}</UniqueIdentifier>
    </Filter>
    <Filter Include="Source Files\Game\Player">
      <UniqueIdentifier>{f25746ae-85f5-4f2e-9011-f9a68e3f9ee2}</UniqueIdentifier>
    </Filter>
    <Filter Include="Header Files\Engine\Utils">
      <UniqueIdentifier>{6e269c34-2222-4417-9b87-0657e6c07f38}</UniqueIdentifier>
    </Filter>
    <Filter Include="Header Files\Engine\Collision">
      <UniqueIdentifier>{67ed1e2a-f65f-49af-8b67-b9becd651bc7}</UniqueIdentifier>
    </Filter>
    <Filter Include="Source Files\Engine\Collision">
      <UniqueIdentifier>{baaa6966-f65b-4153-821c-cf83695ecef5}</UniqueIdentifier>
    </Filter>
  </ItemGroup>
  <ItemGroup>
    <ClCompile Include="main.cpp">
      <Filter>Source Files</Filter>
    </ClCompile>
    <ClCompile Include="Action.cpp">
      <Filter>Source Files\Engine</Filter>
    </ClCompile>
    <ClCompile Include="Configuration.cpp">
      <Filter>Source Files\Engine</Filter>
    </ClCompile>
    <ClCompile Include="Player.cpp">
      <Filter>Source Files\Game\Player</Filter>
    </ClCompile>
    <ClCompile Include="Game.cpp">
      <Filter>Source Files\Game</Filter>
    </ClCompile>
    <ClCompile Include="World.cpp">
      <Filter>Source Files</Filter>
    </ClCompile>
    <ClCompile Include="Entity.cpp">
      <Filter>Source Files</Filter>
    </ClCompile>
    <ClCompile Include="ShootPlayer.cpp">
      <Filter>Source Files</Filter>
    </ClCompile>
    <ClCompile Include="Enemy.cpp">
      <Filter>Source Files</Filter>
    </ClCompile>
    <ClCompile Include="Collision.cpp">
      <Filter>Source Files\Engine\Collision</Filter>
    </ClCompile>
  </ItemGroup>
  <ItemGroup>
    <ClInclude Include="Action.hpp">
      <Filter>Header Files\Engine\InputManager</Filter>
    </ClInclude>
    <ClInclude Include="ActionMap.hpp">
      <Filter>Header Files\Engine\InputManager</Filter>
    </ClInclude>
    <ClInclude Include="ActionTarget.hpp">
      <Filter>Header Files\Engine\InputManager</Filter>
    </ClInclude>
    <ClInclude Include="ResourceManager.hpp">
      <Filter>Header Files\Engine\ResourceManager</Filter>
    </ClInclude>
    <ClInclude Include="Player.hpp">
      <Filter>Header Files\Game\Player</Filter>
    </ClInclude>
    <ClInclude Include="Configuration.hpp">
      <Filter>Header Files\Engine</Filter>
    </ClInclude>
    <ClInclude Include="Game.hpp">
      <Filter>Header Files\Game</Filter>
    </ClInclude>
    <ClInclude Include="World.hpp">
      <Filter>Header Files</Filter>
    </ClInclude>
    <ClInclude Include="Entity.hpp">
      <Filter>Header Files</Filter>
    </ClInclude>
    <ClInclude Include="ShootPlayer.hpp">
      <Filter>Header Files</Filter>
    </ClInclude>
    <ClInclude Include="Random.hpp">
      <Filter>Header Files\Engine\Utils</Filter>
    </ClInclude>
    <ClInclude Include="Enemy.hpp">
      <Filter>Header Files</Filter>
    </ClInclude>
    <ClInclude Include="Collision.hpp">
      <Filter>Header Files\Engine\Collision</Filter>
    </ClInclude>
  </ItemGroup>
  <ItemGroup>
    <None Include="ActionMap.tpl">
      <Filter>Header Files\Engine\InputManager</Filter>
    </None>
    <None Include="ActionTarget.tpl">
      <Filter>Header Files\Engine\InputManager</Filter>
    </None>
    <None Include="Entity.tpl">
      <Filter>Header Files</Filter>
    </None>
  </ItemGroup>
</Project>